
Microsoft Visual Studio Solution File, Format Version 12.00
# Visual Studio 14
VisualStudioVersion = 14.0.25420.1
MinimumVisualStudioVersion = 10.0.40219.1
Project("{FAE04EC0-301F-11D3-BF4B-00C04F79EFBC}") = "Exercice01", "Exercice01\Exercice01.csproj", "{D2B3C4BA-7D4F-417F-B421-F522B5B28673}"
EndProject
Project("{FAE04EC0-301F-11D3-BF4B-00C04F79EFBC}") = "Exercice02", "Exercice02\Exercice02.csproj", "{FFC0E2F0-D3B1-452C-B944-054A1CEA6AB6}"
EndProject
Project("{FAE04EC0-301F-11D3-BF4B-00C04F79EFBC}") = "Exercice03", "Exercice03\Exercice03.csproj", "{6EE632E9-46EA-49A3-A56E-0F493569E521}"
EndProject
Project("{FAE04EC0-301F-11D3-BF4B-00C04F79EFBC}") = "TestBackground", "TestBackground\TestBackground.csproj", "{31C59351-9EAC-4224-BED3-EE626453AACC}"
EndProject
Global
	GlobalSection(SolutionConfigurationPlatforms) = preSolution
		Debug|x86 = Debug|x86
		Release|x86 = Release|x86
	EndGlobalSection
	GlobalSection(ProjectConfigurationPlatforms) = postSolution
		{D2B3C4BA-7D4F-417F-B421-F522B5B28673}.Debug|x86.ActiveCfg = Debug|x86
		{D2B3C4BA-7D4F-417F-B421-F522B5B28673}.Debug|x86.Build.0 = Debug|x86
		{D2B3C4BA-7D4F-417F-B421-F522B5B28673}.Release|x86.ActiveCfg = Release|x86
		{D2B3C4BA-7D4F-417F-B421-F522B5B28673}.Release|x86.Build.0 = Release|x86
		{FFC0E2F0-D3B1-452C-B944-054A1CEA6AB6}.Debug|x86.ActiveCfg = Debug|x86
		{FFC0E2F0-D3B1-452C-B944-054A1CEA6AB6}.Debug|x86.Build.0 = Debug|x86
		{FFC0E2F0-D3B1-452C-B944-054A1CEA6AB6}.Release|x86.ActiveCfg = Release|x86
		{FFC0E2F0-D3B1-452C-B944-054A1CEA6AB6}.Release|x86.Build.0 = Release|x86
		{6EE632E9-46EA-49A3-A56E-0F493569E521}.Debug|x86.ActiveCfg = Debug|x86
		{6EE632E9-46EA-49A3-A56E-0F493569E521}.Debug|x86.Build.0 = Debug|x86
		{6EE632E9-46EA-49A3-A56E-0F493569E521}.Release|x86.ActiveCfg = Release|x86
		{6EE632E9-46EA-49A3-A56E-0F493569E521}.Release|x86.Build.0 = Release|x86
		{31C59351-9EAC-4224-BED3-EE626453AACC}.Debug|x86.ActiveCfg = Debug|x86
		{31C59351-9EAC-4224-BED3-EE626453AACC}.Debug|x86.Build.0 = Debug|x86
		{31C59351-9EAC-4224-BED3-EE626453AACC}.Release|x86.ActiveCfg = Release|x86
		{31C59351-9EAC-4224-BED3-EE626453AACC}.Release|x86.Build.0 = Release|x86
	EndGlobalSection
	GlobalSection(SolutionProperties) = preSolution
		HideSolutionNode = FALSE
	EndGlobalSection
EndGlobal
